{
  "nodes": {
    "herdr": {
      "inputs": {
        "nixpkgs": [
          "nixpkgs"
        ]
      },
      "locked": {
        "lastModified": 1779548865,
        "narHash": "sha256-NR145qB5QaZEcLXVhDW17ibOZibl6z+HPgtRWV2Ti7M=",
        "owner": "ogulcancelik",
        "repo": "herdr",
        "rev": "0491d7688fc4671d3dbf275f01668c57c1d0e1ca",
        "type": "github"
      },
      "original": {
        "owner": "ogulcancelik",
        "ref": "v0.6.2",
        "repo": "herdr",
        "type": "github"
      }
    },
    "nixpkgs": {
      "locked": {
        "lastModified": 1779508470,
        "narHash": "sha256-Ap9KJX+5xHIn3bPIpfNgT6MEXdAECECwo4/rmlQD74M=",
        "owner": "NixOS",
        "repo": "nixpkgs",
        "rev": "29916453413845e54a65b8a1cf996842300cd299",
        "type": "github"
      },
      "original": {
        "owner": "NixOS",
        "ref": "nixos-unstable",
        "repo": "nixpkgs",
        "type": "github"
      }
    },
    "root": {
      "inputs": {
        "herdr": "herdr",
        "nixpkgs": "nixpkgs"
      }
    }
  },
  "root": "root",
  "version": 7
}
