{
  "nodes": {
    "herdr": {
      "inputs": {
        "nixpkgs": [
          "nixpkgs"
        ]
      },
      "locked": {
        "lastModified": 1780259119,
        "narHash": "sha256-zim9JSVCfbSrH5XovifGFST9J1kYkjou7E5oeBXfF34=",
        "owner": "ogulcancelik",
        "repo": "herdr",
        "rev": "0016a8a088c12cd4b6187487fe799ac42e52cc15",
        "type": "github"
      },
      "original": {
        "owner": "ogulcancelik",
        "ref": "v0.6.6",
        "repo": "herdr",
        "type": "github"
      }
    },
    "nixpkgs": {
      "locked": {
        "lastModified": 1779508470,
        "narHash": "sha256-Ap9KJX+5xHIn3bPIpfNgT6MEXdAECECwo4/rmlQD74M=",
        "owner": "NixOS",
        "repo": "nixpkgs",
        "rev": "29916453413845e54a65b8a1cf996842300cd299",
        "type": "github"
      },
      "original": {
        "owner": "NixOS",
        "ref": "nixos-unstable",
        "repo": "nixpkgs",
        "type": "github"
      }
    },
    "root": {
      "inputs": {
        "herdr": "herdr",
        "nixpkgs": "nixpkgs"
      }
    }
  },
  "root": "root",
  "version": 7
}
